{
  "name": "js-ts-rs-Algorithms",
  "version": "1.0.0",
  "lockfileVersion": 1,
  "requires": true,
  "dependencies": {
    "@rauschma/stringio": {
      "version": "1.4.0",
      "resolved": "http://registry.npm.taobao.org/@rauschma/stringio/download/@rauschma/stringio-1.4.0.tgz",
      "integrity": "sha1-C2Z76nJmUqEKSN/B2tyJ4OxR4mk=",
      "dev": true,
      "requires": {
        "@types/node": "^10.0.3"
      },
      "dependencies": {
        "@types/node": {
          "version": "10.14.5",
          "resolved": "http://registry.npm.taobao.org/@types/node/download/@types/node-10.14.5.tgz",
          "integrity": "sha1-J3M6lJ9dmXLYcQkpfP+2Iges5w8=",
          "dev": true
        }
      }
    },
    "@types/node": {
      "version": "11.13.6",
      "resolved": "http://registry.npm.taobao.org/@types/node/download/@types/node-11.13.6.tgz",
      "integrity": "sha1-N+x1aQgwrLDXTOPGxDyqt4cIHoU=",
      "dev": true
    },
    "node-ts": {
      "version": "5.0.0",
      "resolved": "http://registry.npm.taobao.org/node-ts/download/node-ts-5.0.0.tgz",
      "integrity": "sha1-KXUArn1lVNKFxXE4Bew4Mcjueno=",
      "dev": true,
      "requires": {
        "@rauschma/stringio": "^1.4.0",
        "@types/node": "^11.10.5"
      }
    }
  }
}
