{
  "name": "js-ts-rs-Algorithms",
  "version": "1.0.0",
  "lockfileVersion": 1,
  "requires": true,
  "dependencies": {
    "@rauschma/stringio": {
      "version": "1.4.0",
      "resolved": "http://registry.npm.taobao.org/@rauschma/stringio/download/@rauschma/stringio-1.4.0.tgz",
      "integrity": "sha1-C2Z76nJmUqEKSN/B2tyJ4OxR4mk=",
      "dev": true,
      "requires": {
        "@types/node": "^10.0.3"
      },
      "dependencies": {
        "@types/node": {
          "version": "10.14.5",
          "resolved": "http://registry.npm.taobao.org/@types/node/download/@types/node-10.14.5.tgz",
          "integrity": "sha1-J3M6lJ9dmXLYcQkpfP+2Iges5w8=",
          "dev": true
        }
      }
    },
    "@types/node": {
      "version": "11.13.6",
      "resolved": "http://registry.npm.taobao.org/@types/node/download/@types/node-11.13.6.tgz",
      "integrity": "sha1-N+x1aQgwrLDXTOPGxDyqt4cIHoU=",
      "dev": true
    },
    "benchmark": {
      "version": "2.1.4",
      "resolved": "http://registry.npm.taobao.org/benchmark/download/benchmark-2.1.4.tgz",
      "integrity": "sha1-CfPeMckWQl1JjMLuVloOvzwqVik=",
      "dev": true,
      "requires": {
        "lodash": "^4.17.4",
        "platform": "^1.3.3"
      }
    },
    "lodash": {
      "version": "4.17.11",
      "resolved": "http://registry.npm.taobao.org/lodash/download/lodash-4.17.11.tgz",
      "integrity": "sha1-s56mIp72B+zYniyN8SU2iRysm40="
    },
    "node-ts": {
      "version": "5.0.0",
      "resolved": "http://registry.npm.taobao.org/node-ts/download/node-ts-5.0.0.tgz",
      "integrity": "sha1-KXUArn1lVNKFxXE4Bew4Mcjueno=",
      "dev": true,
      "requires": {
        "@rauschma/stringio": "^1.4.0",
        "@types/node": "^11.10.5"
      }
    },
    "platform": {
      "version": "1.3.5",
      "resolved": "http://registry.npm.taobao.org/platform/download/platform-1.3.5.tgz",
      "integrity": "sha1-+2lYxpbgfikY0u7aDwvJRI1zNEQ=",
      "dev": true
    },
    "typescript": {
      "version": "3.4.4",
      "resolved": "http://registry.npm.taobao.org/typescript/download/typescript-3.4.4.tgz",
      "integrity": "sha1-qsSgir7KuAkadfEIQv+gYxgY94U=",
      "dev": true
    }
  }
}
