lockfileVersion: 5.3

specifiers:
  '@datastructures-js/priority-queue': ^5.3.0
  '@datastructures-js/queue': ^4.1.3
  '@types/benchmark': ^2.1.1
  '@types/lodash': ^4.14.177
  '@types/node': ^14.17.34
  '@types/ramda': ^0.27.54
  awilix: ^4.3.4
  axios: ^0.21.4
  benchmark: ^2.1.4
  inversify: ^5.1.1
  lodash: ^4.17.21
  p-limit: ^3.1.0
  ramda: ^0.27.1
  reflect-metadata: ^0.1.13
  ts-node: ^10.4.0
  tsyringe: ^4.6.0
  typescript: ^4.5.2

dependencies:
  '@datastructures-js/priority-queue': 5.3.0
  '@datastructures-js/queue': 4.1.3
  '@types/ramda': 0.27.54
  awilix: 4.3.4
  inversify: 5.1.1
  lodash: 4.17.21
  p-limit: 3.1.0
  ramda: 0.27.1
  reflect-metadata: 0.1.13
  tsyringe: 4.6.0

devDependencies:
  '@types/benchmark': 2.1.1
  '@types/lodash': 4.14.177
  '@types/node': 14.17.34
  axios: 0.21.4
  benchmark: 2.1.4
  ts-node: 10.4.0_93e46f6a697db70638e1c817267526bc
  typescript: 4.5.2

packages:

  /@cspotcode/source-map-consumer/0.8.0:
    resolution: {integrity: sha1-M79LeznBeIIWBvZpu8RHpqYpeGs=, tarball: '@cspotcode/source-map-consumer/download/@cspotcode/source-map-consumer-0.8.0.tgz'}
    engines: {node: '>= 12'}
    dev: true

  /@cspotcode/source-map-support/0.7.0:
    resolution: {integrity: sha1-R4mECqhZ5G0vMXNyercHxmvzRPU=, tarball: '@cspotcode/source-map-support/download/@cspotcode/source-map-support-0.7.0.tgz'}
    engines: {node: '>=12'}
    dependencies:
      '@cspotcode/source-map-consumer': 0.8.0
    dev: true

  /@datastructures-js/heap/3.2.0:
    resolution: {integrity: sha1-2Pzb9YxGLIo/D9/ZxqV8oRUFMh4=, tarball: '@datastructures-js/heap/download/@datastructures-js/heap-3.2.0.tgz'}
    dev: false

  /@datastructures-js/priority-queue/5.3.0:
    resolution: {integrity: sha1-ia/OeaGaMibBLMbpKI+U/2CvJs8=, tarball: '@datastructures-js/priority-queue/download/@datastructures-js/priority-queue-5.3.0.tgz'}
    dependencies:
      '@datastructures-js/heap': 3.2.0
    dev: false

  /@datastructures-js/queue/4.1.3:
    resolution: {integrity: sha1-V7tQJiHeiK0/VcnwlOdqNpZs1so=, tarball: '@datastructures-js/queue/download/@datastructures-js/queue-4.1.3.tgz'}
    dev: false

  /@tsconfig/node10/1.0.8:
    resolution: {integrity: sha1-weToDW+WT77LM1nEO9SLQPfK2tk=, tarball: '@tsconfig/node10/download/@tsconfig/node10-1.0.8.tgz'}
    dev: true

  /@tsconfig/node12/1.0.9:
    resolution: {integrity: sha1-YsH23uLr2a6tgNw6+laBDljhoEw=, tarball: '@tsconfig/node12/download/@tsconfig/node12-1.0.9.tgz'}
    dev: true

  /@tsconfig/node14/1.0.1:
    resolution: {integrity: sha1-lfLRZ/+5uNIGiwsjUwL6/U33EfI=, tarball: '@tsconfig/node14/download/@tsconfig/node14-1.0.1.tgz'}
    dev: true

  /@tsconfig/node16/1.0.2:
    resolution: {integrity: sha1-Qjx3h30Fadsg4fyAiFrEEYMUAQ4=, tarball: '@tsconfig/node16/download/@tsconfig/node16-1.0.2.tgz'}
    dev: true

  /@types/benchmark/2.1.1:
    resolution: {integrity: sha1-12PfKXF9k6ozPrEfQh7zg6XfVnM=, tarball: '@types/benchmark/download/@types/benchmark-2.1.1.tgz'}
    dev: true

  /@types/lodash/4.14.177:
    resolution: {integrity: sha512-0fDwydE2clKe9MNfvXHBHF9WEahRuj+msTuQqOmAApNORFvhMYZKNGGJdCzuhheVjMps/ti0Ak/iJPACMaevvw==, tarball: '@types/lodash/download/@types/lodash-4.14.177.tgz'}
    dev: true

  /@types/node/14.17.34:
    resolution: {integrity: sha512-USUftMYpmuMzeWobskoPfzDi+vkpe0dvcOBRNOscFrGxVp4jomnRxWuVohgqBow2xyIPC0S3gjxV/5079jhmDg==, tarball: '@types/node/download/@types/node-14.17.34.tgz'}
    dev: true

  /@types/ramda/0.27.54:
    resolution: {integrity: sha512-vm/FH3MGPBLFzpN1lrF/L6PtQ4saKSagzhfVGvPkw65XeZn8kLg8rarCo1MYkqQRgMcneuWDwNpVjEjZRUhEyA==, tarball: '@types/ramda/download/@types/ramda-0.27.54.tgz'}
    dependencies:
      ts-toolbelt: 6.15.5
    dev: false

  /acorn-walk/8.2.0:
    resolution: {integrity: sha1-dBIQ8uJCZFRQiFOi9E0KuDt/acE=, tarball: acorn-walk/download/acorn-walk-8.2.0.tgz}
    engines: {node: '>=0.4.0'}
    dev: true

  /acorn/8.6.0:
    resolution: {integrity: sha512-U1riIR+lBSNi3IbxtaHOIKdH8sLFv3NYfNv8sg7ZsNhcfl4HF2++BfqqrNAxoCLQW1iiylOj76ecnaUxz+z9yw==, tarball: acorn/download/acorn-8.6.0.tgz?cache=0&sync_timestamp=1637225253845&other_urls=https%3A%2F%2Fregistry.npmmirror.com%2Facorn%2Fdownload%2Facorn-8.6.0.tgz}
    engines: {node: '>=0.4.0'}
    hasBin: true
    dev: true

  /arg/4.1.3:
    resolution: {integrity: sha1-Jp/HrVuOQstjyJbVZmAXJhwUQIk=, tarball: arg/download/arg-4.1.3.tgz}
    dev: true

  /awilix/4.3.4:
    resolution: {integrity: sha1-ruzGYu+pYlaYGvO8YkPrIByLSk8=, tarball: awilix/download/awilix-4.3.4.tgz}
    engines: {node: '>=6.0.0'}
    dependencies:
      camel-case: 4.1.2
      glob: 7.2.0
    dev: false

  /axios/0.21.4:
    resolution: {integrity: sha1-xnuQ3AVo5cHPKwuFjEO6KOLtpXU=, tarball: axios/download/axios-0.21.4.tgz}
    dependencies:
      follow-redirects: 1.14.5
    transitivePeerDependencies:
      - debug
    dev: true

  /balanced-match/1.0.2:
    resolution: {integrity: sha1-6D46fj8wCzTLnYf2FfoMvzV2kO4=, tarball: balanced-match/download/balanced-match-1.0.2.tgz}
    dev: false

  /benchmark/2.1.4:
    resolution: {integrity: sha1-CfPeMckWQl1JjMLuVloOvzwqVik=, tarball: benchmark/download/benchmark-2.1.4.tgz}
    dependencies:
      lodash: 4.17.21
      platform: 1.3.6
    dev: true

  /brace-expansion/1.1.11:
    resolution: {integrity: sha1-PH/L9SnYcibz0vUrlm/1Jx60Qd0=, tarball: brace-expansion/download/brace-expansion-1.1.11.tgz}
    dependencies:
      balanced-match: 1.0.2
      concat-map: 0.0.1
    dev: false

  /camel-case/4.1.2:
    resolution: {integrity: sha1-lygHKpVPgFIoIlpt7qazhGHhvVo=, tarball: camel-case/download/camel-case-4.1.2.tgz}
    dependencies:
      pascal-case: 3.1.2
      tslib: 2.3.1
    dev: false

  /concat-map/0.0.1:
    resolution: {integrity: sha1-2Klr13/Wjfd5OnMDajug1UBdR3s=, tarball: concat-map/download/concat-map-0.0.1.tgz}
    dev: false

  /create-require/1.1.1:
    resolution: {integrity: sha1-wdfo8eX2z8n/ZfnNNS03NIdWwzM=, tarball: create-require/download/create-require-1.1.1.tgz}
    dev: true

  /diff/4.0.2:
    resolution: {integrity: sha1-YPOuy4nV+uUgwRqhnvwruYKq3n0=, tarball: diff/download/diff-4.0.2.tgz}
    engines: {node: '>=0.3.1'}
    dev: true

  /follow-redirects/1.14.5:
    resolution: {integrity: sha1-8JpYSJgdPHcrU5Iwl3hSP42Fw4E=, tarball: follow-redirects/download/follow-redirects-1.14.5.tgz}
    engines: {node: '>=4.0'}
    peerDependencies:
      debug: '*'
    peerDependenciesMeta:
      debug:
        optional: true
    dev: true

  /fs.realpath/1.0.0:
    resolution: {integrity: sha1-FQStJSMVjKpA20onh8sBQRmU6k8=, tarball: fs.realpath/download/fs.realpath-1.0.0.tgz}
    dev: false

  /glob/7.2.0:
    resolution: {integrity: sha1-0VU1r3cy4C6Uj0xBYovZECk/YCM=, tarball: glob/download/glob-7.2.0.tgz?cache=0&sync_timestamp=1636369549911&other_urls=https%3A%2F%2Fregistry.npmmirror.com%2Fglob%2Fdownload%2Fglob-7.2.0.tgz}
    dependencies:
      fs.realpath: 1.0.0
      inflight: 1.0.6
      inherits: 2.0.4
      minimatch: 3.0.4
      once: 1.4.0
      path-is-absolute: 1.0.1
    dev: false

  /inflight/1.0.6:
    resolution: {integrity: sha1-Sb1jMdfQLQwJvJEKEHW6gWW1bfk=, tarball: inflight/download/inflight-1.0.6.tgz}
    dependencies:
      once: 1.4.0
      wrappy: 1.0.2
    dev: false

  /inherits/2.0.4:
    resolution: {integrity: sha1-D6LGT5MpF8NDOg3tVTY6rjdBa3w=, tarball: inherits/download/inherits-2.0.4.tgz}
    dev: false

  /inversify/5.1.1:
    resolution: {integrity: sha1-b71mjFkTN0BOAFoZRr/g2ALAhzA=, tarball: inversify/download/inversify-5.1.1.tgz}
    dev: false

  /lodash/4.17.21:
    resolution: {integrity: sha1-Z5WRxWTDv/quhFTPCz3zcMPWkRw=, tarball: lodash/download/lodash-4.17.21.tgz}

  /lower-case/2.0.2:
    resolution: {integrity: sha1-b6I3xj29xKgsoP2ILkci3F5jTig=, tarball: lower-case/download/lower-case-2.0.2.tgz}
    dependencies:
      tslib: 2.3.1
    dev: false

  /make-error/1.3.6:
    resolution: {integrity: sha1-LrLjfqm2fEiR9oShOUeZr0hM96I=, tarball: make-error/download/make-error-1.3.6.tgz}
    dev: true

  /minimatch/3.0.4:
    resolution: {integrity: sha1-UWbihkV/AzBgZL5Ul+jbsMPTIIM=, tarball: minimatch/download/minimatch-3.0.4.tgz}
    dependencies:
      brace-expansion: 1.1.11
    dev: false

  /no-case/3.0.4:
    resolution: {integrity: sha1-02H9XJgA9VhVGoNp/A3NRmK2Ek0=, tarball: no-case/download/no-case-3.0.4.tgz}
    dependencies:
      lower-case: 2.0.2
      tslib: 2.3.1
    dev: false

  /once/1.4.0:
    resolution: {integrity: sha1-WDsap3WWHUsROsF9nFC6753Xa9E=, tarball: once/download/once-1.4.0.tgz}
    dependencies:
      wrappy: 1.0.2
    dev: false

  /p-limit/3.1.0:
    resolution: {integrity: sha1-4drMvnjQ0TiMoYxk/qOOPlfjcGs=, tarball: p-limit/download/p-limit-3.1.0.tgz}
    engines: {node: '>=10'}
    dependencies:
      yocto-queue: 0.1.0
    dev: false

  /pascal-case/3.1.2:
    resolution: {integrity: sha1-tI4O8rmOIF58Ha50fQsVCCN2YOs=, tarball: pascal-case/download/pascal-case-3.1.2.tgz}
    dependencies:
      no-case: 3.0.4
      tslib: 2.3.1
    dev: false

  /path-is-absolute/1.0.1:
    resolution: {integrity: sha1-F0uSaHNVNP+8es5r9TpanhtcX18=, tarball: path-is-absolute/download/path-is-absolute-1.0.1.tgz}
    engines: {node: '>=0.10.0'}
    dev: false

  /platform/1.3.6:
    resolution: {integrity: sha1-SLTOmDFksgnC1FoQetsx9HOm56c=, tarball: platform/download/platform-1.3.6.tgz}
    dev: true

  /ramda/0.27.1:
    resolution: {integrity: sha1-Zvwt8++HOHT/wtpqqJhGWKus9ck=, tarball: ramda/download/ramda-0.27.1.tgz}
    dev: false

  /reflect-metadata/0.1.13:
    resolution: {integrity: sha1-Z648pXyXKiqhZCsQ/jY/4y1J3Ag=, tarball: reflect-metadata/download/reflect-metadata-0.1.13.tgz}
    dev: false

  /ts-node/10.4.0_93e46f6a697db70638e1c817267526bc:
    resolution: {integrity: sha1-aA+IlFiF9ObPRQ5/DWIj3UBIlfc=, tarball: ts-node/download/ts-node-10.4.0.tgz}
    hasBin: true
    peerDependencies:
      '@swc/core': '>=1.2.50'
      '@swc/wasm': '>=1.2.50'
      '@types/node': '*'
      typescript: '>=2.7'
    peerDependenciesMeta:
      '@swc/core':
        optional: true
      '@swc/wasm':
        optional: true
    dependencies:
      '@cspotcode/source-map-support': 0.7.0
      '@tsconfig/node10': 1.0.8
      '@tsconfig/node12': 1.0.9
      '@tsconfig/node14': 1.0.1
      '@tsconfig/node16': 1.0.2
      '@types/node': 14.17.34
      acorn: 8.6.0
      acorn-walk: 8.2.0
      arg: 4.1.3
      create-require: 1.1.1
      diff: 4.0.2
      make-error: 1.3.6
      typescript: 4.5.2
      yn: 3.1.1
    dev: true

  /ts-toolbelt/6.15.5:
    resolution: {integrity: sha1-yztD7XJctjZEeCxk+8rX2PKMCoM=, tarball: ts-toolbelt/download/ts-toolbelt-6.15.5.tgz}
    dev: false

  /tslib/1.14.1:
    resolution: {integrity: sha1-zy04vcNKE0vK8QkcQfZhni9nLQA=, tarball: tslib/download/tslib-1.14.1.tgz}
    dev: false

  /tslib/2.3.1:
    resolution: {integrity: sha1-6KM1rdXOrlGqJh0ypJAVjvBC7wE=, tarball: tslib/download/tslib-2.3.1.tgz}
    dev: false

  /tsyringe/4.6.0:
    resolution: {integrity: sha1-FJFdPX8Ns14c9yab2/fEQHE8jQc=, tarball: tsyringe/download/tsyringe-4.6.0.tgz}
    engines: {node: '>= 6.0.0'}
    dependencies:
      tslib: 1.14.1
    dev: false

  /typescript/4.5.2:
    resolution: {integrity: sha512-5BlMof9H1yGt0P8/WF+wPNw6GfctgGjXp5hkblpyT+8rkASSmkUKMXrxR0Xg8ThVCi/JnHQiKXeBaEwCeQwMFw==, tarball: typescript/download/typescript-4.5.2.tgz}
    engines: {node: '>=4.2.0'}
    hasBin: true
    dev: true

  /wrappy/1.0.2:
    resolution: {integrity: sha1-tSQ9jz7BqjXxNkYFvA0QNuMKtp8=, tarball: wrappy/download/wrappy-1.0.2.tgz}
    dev: false

  /yn/3.1.1:
    resolution: {integrity: sha1-HodAGgnXZ8HV6rJqbkwYUYLS61A=, tarball: yn/download/yn-3.1.1.tgz}
    engines: {node: '>=6'}
    dev: true

  /yocto-queue/0.1.0:
    resolution: {integrity: sha1-ApTrPe4FAo0x7hpfosVWpqrxChs=, tarball: yocto-queue/download/yocto-queue-0.1.0.tgz}
    engines: {node: '>=10'}
    dev: false
